
Microsoft Visual Studio Solution File, Format Version 12.00
# Visual Studio Version 17
VisualStudioVersion = 17.13.35931.197
MinimumVisualStudioVersion = 10.0.40219.1
Project("{FAE04EC0-301F-11D3-BF4B-00C04F79EFBC}") = "TradeCalculator", "TradeCalculator.csproj", "{B6741706-37E2-575A-B5E1-4D061F872BB4}"
EndProject
Global
	GlobalSection(SolutionConfigurationPlatforms) = preSolution
		Debug|Any CPU = Debug|Any CPU
		Release|Any CPU = Release|Any CPU
	EndGlobalSection
	GlobalSection(ProjectConfigurationPlatforms) = postSolution
		{B6741706-37E2-575A-B5E1-4D061F872BB4}.Debug|Any CPU.ActiveCfg = Debug|Any CPU
		{B6741706-37E2-575A-B5E1-4D061F872BB4}.Debug|Any CPU.Build.0 = Debug|Any CPU
		{B6741706-37E2-575A-B5E1-4D061F872BB4}.Release|Any CPU.ActiveCfg = Release|Any CPU
		{B6741706-37E2-575A-B5E1-4D061F872BB4}.Release|Any CPU.Build.0 = Release|Any CPU
	EndGlobalSection
	GlobalSection(SolutionProperties) = preSolution
		HideSolutionNode = FALSE
	EndGlobalSection
	GlobalSection(ExtensibilityGlobals) = postSolution
		SolutionGuid = {19EB4FA4-709E-46E5-B926-A759FBDC99CE}
	EndGlobalSection
EndGlobal
